// !$*UTF8*$!
{
	archiveVersion = 1;
	classes = {
	};
	objectVersion = 77;
	objects = {

/* Begin PBXBuildFile section */
		0BF8C8D8DE55636AB9211894 /* EditItemUseCaseTests.swift in Sources */ = {isa = PBXBuildFile; fileRef = 3A5BD57DAC1851058DA39BA9 /* EditItemUseCaseTests.swift */; };
		0E93166EFE7F112AA1E03AA9 /* RegisterItemUseCaseTests.swift in Sources */ = {isa = PBXBuildFile; fileRef = 8368CADB67AACFEE46138F1B /* RegisterItemUseCaseTests.swift */; };
		264A8109287725B90B4C42CB /* MockCloudKitManager.swift in Sources */ = {isa = PBXBuildFile; fileRef = B2F51D7405C016B324C2719E /* MockCloudKitManager.swift */; };
		26B713379FA6A8C4E1FE53EE /* UniversalLinkParserTests.swift in Sources */ = {isa = PBXBuildFile; fileRef = B2B231C40F01254D1A098E5A /* UniversalLinkParserTests.swift */; };
		2CE00F8EB75514A4B02A7795 /* QRManagerTests.swift in Sources */ = {isa = PBXBuildFile; fileRef = 68D275C831C717BDBB3B1B2B /* QRManagerTests.swift */; };
		2E8B591604177D2264F33601 /* ListItemsUseCaseTests.swift in Sources */ = {isa = PBXBuildFile; fileRef = FA87FFDCCB51371517B38035 /* ListItemsUseCaseTests.swift */; };
		5376686C78C292738E3ECDED /* MockQRManager.swift in Sources */ = {isa = PBXBuildFile; fileRef = B957CDC91B88C312550E3821 /* MockQRManager.swift */; };
		5B7B56331C0C3BB508229D73 /* ItemMapperTests.swift in Sources */ = {isa = PBXBuildFile; fileRef = 6ED59007FF426BD8A5A5FD19 /* ItemMapperTests.swift */; };
		5F68D51C4A650C395BD02F7D /* FlowEndToEndUITests.swift in Sources */ = {isa = PBXBuildFile; fileRef = 8825DEFF2A4B4D94E198D290 /* FlowEndToEndUITests.swift */; };
		622702306EC9F7456FCE5E68 /* FetchInboxUseCaseTests.swift in Sources */ = {isa = PBXBuildFile; fileRef = 0CC2B2B850C874E8E06913C8 /* FetchInboxUseCaseTests.swift */; };
		727E5876D7FE69F9E1FDF9E3 /* Foundation.framework in Frameworks */ = {isa = PBXBuildFile; fileRef = B6282C7111F6B852E87C6FCA /* Foundation.framework */; };
		8178BE75F944338B77393333 /* TaggoClip.app in Embed App Clips */ = {isa = PBXBuildFile; fileRef = 3E76687E69FFF2581638DE4F /* TaggoClip.app */; settings = {ATTRIBUTES = (RemoveHeadersOnCopy, ); }; };
		9162679FEEC1AA83CA550E46 /* FoundReportMapperTests.swift in Sources */ = {isa = PBXBuildFile; fileRef = CD33525642DC4B67E53E436C /* FoundReportMapperTests.swift */; };
		A447F7FB8C0820539878EB12 /* MarkReportClaimedUseCaseTests.swift in Sources */ = {isa = PBXBuildFile; fileRef = A123A25EB3AC0740B430F81F /* MarkReportClaimedUseCaseTests.swift */; };
		A522D6D20925562CFEA26D2C /* MockCurrentUserProvider.swift in Sources */ = {isa = PBXBuildFile; fileRef = 2FE9CC5A12D309A4523A4B29 /* MockCurrentUserProvider.swift */; };
		A7819D0536CBD4CC2513B028 /* Foundation.framework in Frameworks */ = {isa = PBXBuildFile; fileRef = B6282C7111F6B852E87C6FCA /* Foundation.framework */; };
		BE0D8CFC42C494E875BB8D94 /* DeleteItemUseCaseTests.swift in Sources */ = {isa = PBXBuildFile; fileRef = 20EA5F7AC99692D57A4F41F3 /* DeleteItemUseCaseTests.swift */; };
		C45C3FC2729DE4EFA0872EB3 /* ReportFoundItemUseCaseTests.swift in Sources */ = {isa = PBXBuildFile; fileRef = E8630703B50E2BBC93323DC4 /* ReportFoundItemUseCaseTests.swift */; };
		FC07E38BA07141541D288575 /* CloudKitManagerTests.swift in Sources */ = {isa = PBXBuildFile; fileRef = AF38F476852050EEFBBD3450 /* CloudKitManagerTests.swift */; };
		FF4A55E07F29E713D5843D57 /* Foundation.framework in Frameworks */ = {isa = PBXBuildFile; fileRef = B6282C7111F6B852E87C6FCA /* Foundation.framework */; };
/* End PBXBuildFile section */

/* Begin PBXContainerItemProxy section */
		2B780DBBB46067FBFFDA767B /* PBXContainerItemProxy */ = {
			isa = PBXContainerItemProxy;
			containerPortal = C4C9397C2FF6BC0400E3C09C /* Project object */;
			proxyType = 1;
			remoteGlobalIDString = C4C939832FF6BC0400E3C09C;
			remoteInfo = TaggoMain;
		};
		AAD2B8C954AEC7CFAAAB6230 /* PBXContainerItemProxy */ = {
			isa = PBXContainerItemProxy;
			containerPortal = C4C9397C2FF6BC0400E3C09C /* Project object */;
			proxyType = 1;
			remoteGlobalIDString = C4C939832FF6BC0400E3C09C;
			remoteInfo = TaggoMain;
		};
		BB4BE868ED7FEA9E1A1555D0 /* PBXContainerItemProxy */ = {
			isa = PBXContainerItemProxy;
			containerPortal = C4C9397C2FF6BC0400E3C09C /* Project object */;
			proxyType = 1;
			remoteGlobalIDString = 4C72072F36E5CBF1D6FDD06E;
			remoteInfo = TaggoClip;
		};
/* End PBXContainerItemProxy section */

/* Begin PBXCopyFilesBuildPhase section */
		3587EDD7838C9229341E990E /* Embed App Clips */ = {
			isa = PBXCopyFilesBuildPhase;
			buildActionMask = 2147483647;
			dstPath = "";
			dstSubfolderSpec = 16;
			files = (
				8178BE75F944338B77393333 /* TaggoClip.app in Embed App Clips */,
			);
			name = "Embed App Clips";
			runOnlyForDeploymentPostprocessing = 0;
		};
/* End PBXCopyFilesBuildPhase section */

/* Begin PBXFileReference section */
		03D115DB2FFAE14E00FA07EA /* Info.plist */ = {isa = PBXFileReference; lastKnownFileType = text.plist; path = Info.plist; sourceTree = "<group>"; };
		0CC2B2B850C874E8E06913C8 /* FetchInboxUseCaseTests.swift */ = {isa = PBXFileReference; includeInIndex = 1; lastKnownFileType = sourcecode.swift; path = FetchInboxUseCaseTests.swift; sourceTree = "<group>"; };
		13DC7851A637F0CB51948406 /* TaggoUITests.xctest */ = {isa = PBXFileReference; explicitFileType = wrapper.cfbundle; includeInIndex = 0; path = TaggoUITests.xctest; sourceTree = BUILT_PRODUCTS_DIR; };
		20EA5F7AC99692D57A4F41F3 /* DeleteItemUseCaseTests.swift */ = {isa = PBXFileReference; includeInIndex = 1; lastKnownFileType = sourcecode.swift; path = DeleteItemUseCaseTests.swift; sourceTree = "<group>"; };
		2EDB530FEC74B26BB3DBDBE4 /* TaggoTests.xctest */ = {isa = PBXFileReference; explicitFileType = wrapper.cfbundle; includeInIndex = 0; path = TaggoTests.xctest; sourceTree = BUILT_PRODUCTS_DIR; };
		2FE9CC5A12D309A4523A4B29 /* MockCurrentUserProvider.swift */ = {isa = PBXFileReference; includeInIndex = 1; lastKnownFileType = sourcecode.swift; path = MockCurrentUserProvider.swift; sourceTree = "<group>"; };
		3A5BD57DAC1851058DA39BA9 /* EditItemUseCaseTests.swift */ = {isa = PBXFileReference; includeInIndex = 1; lastKnownFileType = sourcecode.swift; path = EditItemUseCaseTests.swift; sourceTree = "<group>"; };
		3E76687E69FFF2581638DE4F /* TaggoClip.app */ = {isa = PBXFileReference; explicitFileType = wrapper.application; includeInIndex = 0; path = TaggoClip.app; sourceTree = BUILT_PRODUCTS_DIR; };
		68D275C831C717BDBB3B1B2B /* QRManagerTests.swift */ = {isa = PBXFileReference; includeInIndex = 1; lastKnownFileType = sourcecode.swift; path = QRManagerTests.swift; sourceTree = "<group>"; };
		6ED59007FF426BD8A5A5FD19 /* ItemMapperTests.swift */ = {isa = PBXFileReference; includeInIndex = 1; lastKnownFileType = sourcecode.swift; path = ItemMapperTests.swift; sourceTree = "<group>"; };
		8368CADB67AACFEE46138F1B /* RegisterItemUseCaseTests.swift */ = {isa = PBXFileReference; includeInIndex = 1; lastKnownFileType = sourcecode.swift; path = RegisterItemUseCaseTests.swift; sourceTree = "<group>"; };
		8825DEFF2A4B4D94E198D290 /* FlowEndToEndUITests.swift */ = {isa = PBXFileReference; includeInIndex = 1; lastKnownFileType = sourcecode.swift; path = FlowEndToEndUITests.swift; sourceTree = "<group>"; };
		94D48D9B14977296944728CF /* Signing.xcconfig */ = {isa = PBXFileReference; includeInIndex = 1; lastKnownFileType = text.xcconfig; path = Signing.xcconfig; sourceTree = "<group>"; };
		A123A25EB3AC0740B430F81F /* MarkReportClaimedUseCaseTests.swift */ = {isa = PBXFileReference; includeInIndex = 1; lastKnownFileType = sourcecode.swift; path = MarkReportClaimedUseCaseTests.swift; sourceTree = "<group>"; };
		AF38F476852050EEFBBD3450 /* CloudKitManagerTests.swift */ = {isa = PBXFileReference; includeInIndex = 1; lastKnownFileType = sourcecode.swift; path = CloudKitManagerTests.swift; sourceTree = "<group>"; };
		B2B231C40F01254D1A098E5A /* UniversalLinkParserTests.swift */ = {isa = PBXFileReference; includeInIndex = 1; lastKnownFileType = sourcecode.swift; path = UniversalLinkParserTests.swift; sourceTree = "<group>"; };
		B2F51D7405C016B324C2719E /* MockCloudKitManager.swift */ = {isa = PBXFileReference; includeInIndex = 1; lastKnownFileType = sourcecode.swift; path = MockCloudKitManager.swift; sourceTree = "<group>"; };
		B6282C7111F6B852E87C6FCA /* Foundation.framework */ = {isa = PBXFileReference; lastKnownFileType = wrapper.framework; name = Foundation.framework; path = Platforms/iPhoneOS.platform/Developer/SDKs/iPhoneOS18.0.sdk/System/Library/Frameworks/Foundation.framework; sourceTree = DEVELOPER_DIR; };
		B957CDC91B88C312550E3821 /* MockQRManager.swift */ = {isa = PBXFileReference; includeInIndex = 1; lastKnownFileType = sourcecode.swift; path = MockQRManager.swift; sourceTree = "<group>"; };
		C4C939842FF6BC0400E3C09C /* TaggoMain.app */ = {isa = PBXFileReference; explicitFileType = wrapper.application; includeInIndex = 0; path = TaggoMain.app; sourceTree = BUILT_PRODUCTS_DIR; };
		CD33525642DC4B67E53E436C /* FoundReportMapperTests.swift */ = {isa = PBXFileReference; includeInIndex = 1; lastKnownFileType = sourcecode.swift; path = FoundReportMapperTests.swift; sourceTree = "<group>"; };
		E8630703B50E2BBC93323DC4 /* ReportFoundItemUseCaseTests.swift */ = {isa = PBXFileReference; includeInIndex = 1; lastKnownFileType = sourcecode.swift; path = ReportFoundItemUseCaseTests.swift; sourceTree = "<group>"; };
		FA87FFDCCB51371517B38035 /* ListItemsUseCaseTests.swift */ = {isa = PBXFileReference; includeInIndex = 1; lastKnownFileType = sourcecode.swift; path = ListItemsUseCaseTests.swift; sourceTree = "<group>"; };
/* End PBXFileReference section */

/* Begin PBXFileSystemSynchronizedBuildFileExceptionSet section */
		36618024A2737261A7EE9220 /* Exceptions for "TaggoClip" folder in "TaggoClip" target */ = {
			isa = PBXFileSystemSynchronizedBuildFileExceptionSet;
			membershipExceptions = (
				Info.plist,
			);
			target = 4C72072F36E5CBF1D6FDD06E /* TaggoClip */;
		};
/* End PBXFileSystemSynchronizedBuildFileExceptionSet section */

/* Begin PBXFileSystemSynchronizedRootGroup section */
		03D110C22FF96CF300FA07EA /* SharedCore */ = {
			isa = PBXFileSystemSynchronizedRootGroup;
			exceptions = (
			);
			path = SharedCore;
			sourceTree = "<group>";
		};
		03D111192FF96CFD00FA07EA /* TaggoMain */ = {
			isa = PBXFileSystemSynchronizedRootGroup;
			exceptions = (
			);
			path = TaggoMain;
			sourceTree = "<group>";
		};
		03D111342FF96D0600FA07EA /* TaggoClip */ = {
			isa = PBXFileSystemSynchronizedRootGroup;
			exceptions = (
				36618024A2737261A7EE9220 /* Exceptions for "TaggoClip" folder in "TaggoClip" target */,
			);
			path = TaggoClip;
			sourceTree = "<group>";
		};
/* End PBXFileSystemSynchronizedRootGroup section */

/* Begin PBXFrameworksBuildPhase section */
		020B8B5AF484764E2B601E93 /* Frameworks */ = {
			isa = PBXFrameworksBuildPhase;
			buildActionMask = 2147483647;
			files = (
				FF4A55E07F29E713D5843D57 /* Foundation.framework in Frameworks */,
			);
			runOnlyForDeploymentPostprocessing = 0;
		};
		83356EF59C72BF2C2B8EDEA6 /* Frameworks */ = {
			isa = PBXFrameworksBuildPhase;
			buildActionMask = 2147483647;
			files = (
				727E5876D7FE69F9E1FDF9E3 /* Foundation.framework in Frameworks */,
			);
			runOnlyForDeploymentPostprocessing = 0;
		};
		A2D7F88984410B6BF442CB37 /* Frameworks */ = {
			isa = PBXFrameworksBuildPhase;
			buildActionMask = 2147483647;
			files = (
				A7819D0536CBD4CC2513B028 /* Foundation.framework in Frameworks */,
			);
			runOnlyForDeploymentPostprocessing = 0;
		};
		C4C939812FF6BC0400E3C09C /* Frameworks */ = {
			isa = PBXFrameworksBuildPhase;
			buildActionMask = 2147483647;
			files = (
			);
			runOnlyForDeploymentPostprocessing = 0;
		};
/* End PBXFrameworksBuildPhase section */

/* Begin PBXGroup section */
		65F98AB2C2C2CC70010AC03A /* UnitTests */ = {
			isa = PBXGroup;
			children = (
				9F7D1657E974C23A54550BF5 /* Mocks */,
				D22CC315D514F15E6CBF8EE4 /* UseCaseTests */,
				AF38F476852050EEFBBD3450 /* CloudKitManagerTests.swift */,
				CD33525642DC4B67E53E436C /* FoundReportMapperTests.swift */,
				6ED59007FF426BD8A5A5FD19 /* ItemMapperTests.swift */,
				68D275C831C717BDBB3B1B2B /* QRManagerTests.swift */,
				B2B231C40F01254D1A098E5A /* UniversalLinkParserTests.swift */,
			);
			path = UnitTests;
			sourceTree = "<group>";
		};
		9F258F4C14AA1686156D81F9 /* TaggoTests */ = {
			isa = PBXGroup;
			children = (
				03D115DB2FFAE14E00FA07EA /* Info.plist */,
				65F98AB2C2C2CC70010AC03A /* UnitTests */,
				B633CEE43D468F2EF82BD2A1 /* UITests */,
			);
			path = TaggoTests;
			sourceTree = "<group>";
		};
		9F7D1657E974C23A54550BF5 /* Mocks */ = {
			isa = PBXGroup;
			children = (
				B2F51D7405C016B324C2719E /* MockCloudKitManager.swift */,
				2FE9CC5A12D309A4523A4B29 /* MockCurrentUserProvider.swift */,
				B957CDC91B88C312550E3821 /* MockQRManager.swift */,
			);
			path = Mocks;
			sourceTree = "<group>";
		};
		B5CFFC01E87289F0CB04B255 /* Config */ = {
			isa = PBXGroup;
			children = (
				94D48D9B14977296944728CF /* Signing.xcconfig */,
			);
			name = Config;
			path = .;
			sourceTree = "<group>";
		};
		B633CEE43D468F2EF82BD2A1 /* UITests */ = {
			isa = PBXGroup;
			children = (
				8825DEFF2A4B4D94E198D290 /* FlowEndToEndUITests.swift */,
			);
			path = UITests;
			sourceTree = "<group>";
		};
		C4C9397B2FF6BC0400E3C09C = {
			isa = PBXGroup;
			children = (
				03D110C22FF96CF300FA07EA /* SharedCore */,
				03D111192FF96CFD00FA07EA /* TaggoMain */,
				03D111342FF96D0600FA07EA /* TaggoClip */,
				C4C939852FF6BC0400E3C09C /* Products */,
				CD2483BE4C36E1A72254BC7A /* Frameworks */,
				B5CFFC01E87289F0CB04B255 /* Config */,
				9F258F4C14AA1686156D81F9 /* TaggoTests */,
			);
			sourceTree = "<group>";
		};
		C4C939852FF6BC0400E3C09C /* Products */ = {
			isa = PBXGroup;
			children = (
				C4C939842FF6BC0400E3C09C /* TaggoMain.app */,
				3E76687E69FFF2581638DE4F /* TaggoClip.app */,
				2EDB530FEC74B26BB3DBDBE4 /* TaggoTests.xctest */,
				13DC7851A637F0CB51948406 /* TaggoUITests.xctest */,
			);
			name = Products;
			sourceTree = "<group>";
		};
		CD2483BE4C36E1A72254BC7A /* Frameworks */ = {
			isa = PBXGroup;
			children = (
				DDDE0B293DDE711DB36FD3DE /* iOS */,
			);
			name = Frameworks;
			sourceTree = "<group>";
		};
		D22CC315D514F15E6CBF8EE4 /* UseCaseTests */ = {
			isa = PBXGroup;
			children = (
				20EA5F7AC99692D57A4F41F3 /* DeleteItemUseCaseTests.swift */,
				3A5BD57DAC1851058DA39BA9 /* EditItemUseCaseTests.swift */,
				0CC2B2B850C874E8E06913C8 /* FetchInboxUseCaseTests.swift */,
				FA87FFDCCB51371517B38035 /* ListItemsUseCaseTests.swift */,
				A123A25EB3AC0740B430F81F /* MarkReportClaimedUseCaseTests.swift */,
				8368CADB67AACFEE46138F1B /* RegisterItemUseCaseTests.swift */,
				E8630703B50E2BBC93323DC4 /* ReportFoundItemUseCaseTests.swift */,
			);
			path = UseCaseTests;
			sourceTree = "<group>";
		};
		DDDE0B293DDE711DB36FD3DE /* iOS */ = {
			isa = PBXGroup;
			children = (
				B6282C7111F6B852E87C6FCA /* Foundation.framework */,
			);
			name = iOS;
			sourceTree = "<group>";
		};
/* End PBXGroup section */

/* Begin PBXNativeTarget section */
		4C72072F36E5CBF1D6FDD06E /* TaggoClip */ = {
			isa = PBXNativeTarget;
			buildConfigurationList = 4FF32798573AE2A0A79F9EE8 /* Build configuration list for PBXNativeTarget "TaggoClip" */;
			buildPhases = (
				3026FEE572362E23E0B8C5E0 /* Sources */,
				83356EF59C72BF2C2B8EDEA6 /* Frameworks */,
				080841B670AFEDE9F62BA508 /* Resources */,
			);
			buildRules = (
			);
			dependencies = (
			);
			fileSystemSynchronizedGroups = (
				03D110C22FF96CF300FA07EA /* SharedCore */,
				03D111342FF96D0600FA07EA /* TaggoClip */,
			);
			name = TaggoClip;
			productName = TaggoClip;
			productReference = 3E76687E69FFF2581638DE4F /* TaggoClip.app */;
			productType = "com.apple.product-type.application.on-demand-install-capable";
		};
		C4C939832FF6BC0400E3C09C /* TaggoMain */ = {
			isa = PBXNativeTarget;
			buildConfigurationList = C4C9398F2FF6BC0500E3C09C /* Build configuration list for PBXNativeTarget "TaggoMain" */;
			buildPhases = (
				C4C939802FF6BC0400E3C09C /* Sources */,
				C4C939812FF6BC0400E3C09C /* Frameworks */,
				C4C939822FF6BC0400E3C09C /* Resources */,
				3587EDD7838C9229341E990E /* Embed App Clips */,
			);
			buildRules = (
			);
			dependencies = (
				639CF5AB4DF186709A0DCA55 /* PBXTargetDependency */,
			);
			fileSystemSynchronizedGroups = (
				03D110C22FF96CF300FA07EA /* SharedCore */,
				03D111192FF96CFD00FA07EA /* TaggoMain */,
			);
			name = TaggoMain;
			productName = TaggoMain;
			productReference = C4C939842FF6BC0400E3C09C /* TaggoMain.app */;
			productType = "com.apple.product-type.application";
		};
		D1D587690C99FAF037AC0D15 /* TaggoUITests */ = {
			isa = PBXNativeTarget;
			buildConfigurationList = 51DBE25209D8938186A2684C /* Build configuration list for PBXNativeTarget "TaggoUITests" */;
			buildPhases = (
				67B1BE68F8461F034C59EF8F /* Sources */,
				A2D7F88984410B6BF442CB37 /* Frameworks */,
				B19748D19967BA5E6EEE8311 /* Resources */,
			);
			buildRules = (
			);
			dependencies = (
				DA9A2442028CF9E39A69074A /* PBXTargetDependency */,
			);
			name = TaggoUITests;
			productName = TaggoUITests;
			productReference = 13DC7851A637F0CB51948406 /* TaggoUITests.xctest */;
			productType = "com.apple.product-type.bundle.ui-testing";
		};
		D310F783A0C5F642733F4B18 /* TaggoTests */ = {
			isa = PBXNativeTarget;
			buildConfigurationList = D41486732B932515E39F9AAA /* Build configuration list for PBXNativeTarget "TaggoTests" */;
			buildPhases = (
				80B8641438F3283315BD562C /* Sources */,
				020B8B5AF484764E2B601E93 /* Frameworks */,
				A7EE69817A57BA8A0E158D8F /* Resources */,
			);
			buildRules = (
			);
			dependencies = (
				F7FE7D0B0DFD237E9DF45799 /* PBXTargetDependency */,
			);
			fileSystemSynchronizedGroups = (
				03D110C22FF96CF300FA07EA /* SharedCore */,
			);
			name = TaggoTests;
			productName = TaggoTests;
			productReference = 2EDB530FEC74B26BB3DBDBE4 /* TaggoTests.xctest */;
			productType = "com.apple.product-type.bundle.unit-test";
		};
/* End PBXNativeTarget section */

/* Begin PBXProject section */
		C4C9397C2FF6BC0400E3C09C /* Project object */ = {
			isa = PBXProject;
			attributes = {
				BuildIndependentTargetsInParallel = 1;
				LastSwiftUpdateCheck = 2660;
				LastUpgradeCheck = 2660;
				TargetAttributes = {
					C4C939832FF6BC0400E3C09C = {
						CreatedOnToolsVersion = 26.6;
					};
					D1D587690C99FAF037AC0D15 = {
						TestTargetID = C4C939832FF6BC0400E3C09C;
					};
				};
			};
			buildConfigurationList = C4C9397F2FF6BC0400E3C09C /* Build configuration list for PBXProject "urbanan" */;
			developmentRegion = en;
			hasScannedForEncodings = 0;
			knownRegions = (
				en,
				Base,
			);
			mainGroup = C4C9397B2FF6BC0400E3C09C;
			minimizedProjectReferenceProxies = 1;
			preferredProjectObjectVersion = 77;
			productRefGroup = C4C939852FF6BC0400E3C09C /* Products */;
			projectDirPath = "";
			projectRoot = "";
			targets = (
				C4C939832FF6BC0400E3C09C /* TaggoMain */,
				4C72072F36E5CBF1D6FDD06E /* TaggoClip */,
				D310F783A0C5F642733F4B18 /* TaggoTests */,
				D1D587690C99FAF037AC0D15 /* TaggoUITests */,
			);
		};
/* End PBXProject section */

/* Begin PBXResourcesBuildPhase section */
		080841B670AFEDE9F62BA508 /* Resources */ = {
			isa = PBXResourcesBuildPhase;
			buildActionMask = 2147483647;
			files = (
			);
			runOnlyForDeploymentPostprocessing = 0;
		};
		A7EE69817A57BA8A0E158D8F /* Resources */ = {
			isa = PBXResourcesBuildPhase;
			buildActionMask = 2147483647;
			files = (
			);
			runOnlyForDeploymentPostprocessing = 0;
		};
		B19748D19967BA5E6EEE8311 /* Resources */ = {
			isa = PBXResourcesBuildPhase;
			buildActionMask = 2147483647;
			files = (
			);
			runOnlyForDeploymentPostprocessing = 0;
		};
		C4C939822FF6BC0400E3C09C /* Resources */ = {
			isa = PBXResourcesBuildPhase;
			buildActionMask = 2147483647;
			files = (
			);
			runOnlyForDeploymentPostprocessing = 0;
		};
/* End PBXResourcesBuildPhase section */

/* Begin PBXSourcesBuildPhase section */
		3026FEE572362E23E0B8C5E0 /* Sources */ = {
			isa = PBXSourcesBuildPhase;
			buildActionMask = 2147483647;
			files = (
			);
			runOnlyForDeploymentPostprocessing = 0;
		};
		67B1BE68F8461F034C59EF8F /* Sources */ = {
			isa = PBXSourcesBuildPhase;
			buildActionMask = 2147483647;
			files = (
				5F68D51C4A650C395BD02F7D /* FlowEndToEndUITests.swift in Sources */,
			);
			runOnlyForDeploymentPostprocessing = 0;
		};
		80B8641438F3283315BD562C /* Sources */ = {
			isa = PBXSourcesBuildPhase;
			buildActionMask = 2147483647;
			files = (
				FC07E38BA07141541D288575 /* CloudKitManagerTests.swift in Sources */,
				9162679FEEC1AA83CA550E46 /* FoundReportMapperTests.swift in Sources */,
				5B7B56331C0C3BB508229D73 /* ItemMapperTests.swift in Sources */,
				2CE00F8EB75514A4B02A7795 /* QRManagerTests.swift in Sources */,
				26B713379FA6A8C4E1FE53EE /* UniversalLinkParserTests.swift in Sources */,
				264A8109287725B90B4C42CB /* MockCloudKitManager.swift in Sources */,
				A522D6D20925562CFEA26D2C /* MockCurrentUserProvider.swift in Sources */,
				5376686C78C292738E3ECDED /* MockQRManager.swift in Sources */,
				BE0D8CFC42C494E875BB8D94 /* DeleteItemUseCaseTests.swift in Sources */,
				0BF8C8D8DE55636AB9211894 /* EditItemUseCaseTests.swift in Sources */,
				622702306EC9F7456FCE5E68 /* FetchInboxUseCaseTests.swift in Sources */,
				2E8B591604177D2264F33601 /* ListItemsUseCaseTests.swift in Sources */,
				A447F7FB8C0820539878EB12 /* MarkReportClaimedUseCaseTests.swift in Sources */,
				0E93166EFE7F112AA1E03AA9 /* RegisterItemUseCaseTests.swift in Sources */,
				C45C3FC2729DE4EFA0872EB3 /* ReportFoundItemUseCaseTests.swift in Sources */,
			);
			runOnlyForDeploymentPostprocessing = 0;
		};
		C4C939802FF6BC0400E3C09C /* Sources */ = {
			isa = PBXSourcesBuildPhase;
			buildActionMask = 2147483647;
			files = (
			);
			runOnlyForDeploymentPostprocessing = 0;
		};
/* End PBXSourcesBuildPhase section */

/* Begin PBXTargetDependency section */
		639CF5AB4DF186709A0DCA55 /* PBXTargetDependency */ = {
			isa = PBXTargetDependency;
			name = TaggoClip;
			target = 4C72072F36E5CBF1D6FDD06E /* TaggoClip */;
			targetProxy = BB4BE868ED7FEA9E1A1555D0 /* PBXContainerItemProxy */;
		};
		DA9A2442028CF9E39A69074A /* PBXTargetDependency */ = {
			isa = PBXTargetDependency;
			name = TaggoMain;
			target = C4C939832FF6BC0400E3C09C /* TaggoMain */;
			targetProxy = 2B780DBBB46067FBFFDA767B /* PBXContainerItemProxy */;
		};
		F7FE7D0B0DFD237E9DF45799 /* PBXTargetDependency */ = {
			isa = PBXTargetDependency;
			name = TaggoMain;
			target = C4C939832FF6BC0400E3C09C /* TaggoMain */;
			targetProxy = AAD2B8C954AEC7CFAAAB6230 /* PBXContainerItemProxy */;
		};
/* End PBXTargetDependency section */

/* Begin XCBuildConfiguration section */
		27F4836FBE8643432A324EFB /* Debug */ = {
			isa = XCBuildConfiguration;
			buildSettings = {
				ASSETCATALOG_COMPILER_APPICON_NAME = AppIcon;
				ASSETCATALOG_COMPILER_GLOBAL_ACCENT_COLOR_NAME = AccentColor;
				CLANG_ENABLE_OBJC_WEAK = NO;
				CODE_SIGN_ENTITLEMENTS = TaggoClip/TaggoClip.entitlements;
				CODE_SIGN_IDENTITY = "Apple Development";
				CODE_SIGN_STYLE = Automatic;
				CURRENT_PROJECT_VERSION = 1;
				DEVELOPMENT_TEAM = KH324MQR6L;
				GENERATE_INFOPLIST_FILE = NO;
				INFOPLIST_FILE = TaggoClip/Info.plist;
				IPHONEOS_DEPLOYMENT_TARGET = 17.0;
				LD_RUNPATH_SEARCH_PATHS = (
					"$(inherited)",
					"@executable_path/Frameworks",
				);
				MARKETING_VERSION = 1.0;
				PRODUCT_BUNDLE_IDENTIFIER = "$(TAGGO_BUNDLE_ID_BASE).Clip";
				PRODUCT_NAME = "$(TARGET_NAME)";
				PROVISIONING_PROFILE_SPECIFIER = "";
				SDKROOT = iphoneos;
				SWIFT_EMIT_LOC_STRINGS = YES;
				SWIFT_VERSION = 6.0;
				TARGETED_DEVICE_FAMILY = "1,2";
			};
			name = Debug;
		};
		3D71554A0A10B6CE4853CE77 /* Debug */ = {
			isa = XCBuildConfiguration;
			buildSettings = {
				CLANG_ENABLE_OBJC_WEAK = NO;
				CODE_SIGN_STYLE = Automatic;
				GENERATE_INFOPLIST_FILE = YES;
				IPHONEOS_DEPLOYMENT_TARGET = 17.0;
				PRODUCT_BUNDLE_IDENTIFIER = "$(TAGGO_BUNDLE_ID_BASE).UITests";
				PRODUCT_NAME = "$(TARGET_NAME)";
				SDKROOT = iphoneos;
				SWIFT_VERSION = 6.0;
				TEST_TARGET_NAME = TaggoMain;
			};
			name = Debug;
		};
		46EC34101776F5FA51CDC929 /* Debug */ = {
			isa = XCBuildConfiguration;
			buildSettings = {
				BUNDLE_LOADER = "$(TEST_HOST)";
				CLANG_ENABLE_OBJC_WEAK = NO;
				CODE_SIGN_STYLE = Automatic;
				GENERATE_INFOPLIST_FILE = YES;
				INFOPLIST_FILE = TaggoTests/Info.plist;
				INFOPLIST_KEY_NSCameraUsageDescription = "\"Taggo uses your camera to scan item QR codes.\"";
				IPHONEOS_DEPLOYMENT_TARGET = 17.0;
				PRODUCT_BUNDLE_IDENTIFIER = "$(TAGGO_BUNDLE_ID_BASE).Tests";
				PRODUCT_NAME = "$(TARGET_NAME)";
				SDKROOT = iphoneos;
				SWIFT_VERSION = 6.0;
				TEST_HOST = "$(BUILT_PRODUCTS_DIR)/TaggoMain.app/TaggoMain";
			};
			name = Debug;
		};
		766580467EAADF3F847E8D6B /* Release */ = {
			isa = XCBuildConfiguration;
			buildSettings = {
				CLANG_ENABLE_OBJC_WEAK = NO;
				CODE_SIGN_STYLE = Automatic;
				GENERATE_INFOPLIST_FILE = YES;
				IPHONEOS_DEPLOYMENT_TARGET = 17.0;
				PRODUCT_BUNDLE_IDENTIFIER = "$(TAGGO_BUNDLE_ID_BASE).UITests";
				PRODUCT_NAME = "$(TARGET_NAME)";
				SDKROOT = iphoneos;
				SWIFT_VERSION = 6.0;
				TEST_TARGET_NAME = TaggoMain;
				VALIDATE_PRODUCT = YES;
			};
			name = Release;
		};
		BD87AC468AD0280003F5193D /* Release */ = {
			isa = XCBuildConfiguration;
			buildSettings = {
				BUNDLE_LOADER = "$(TEST_HOST)";
				CLANG_ENABLE_OBJC_WEAK = NO;
				CODE_SIGN_STYLE = Automatic;
				GENERATE_INFOPLIST_FILE = YES;
				INFOPLIST_FILE = TaggoTests/Info.plist;
				INFOPLIST_KEY_NSCameraUsageDescription = "\"Taggo uses your camera to scan item QR codes.\"";
				IPHONEOS_DEPLOYMENT_TARGET = 17.0;
				PRODUCT_BUNDLE_IDENTIFIER = "$(TAGGO_BUNDLE_ID_BASE).Tests";
				PRODUCT_NAME = "$(TARGET_NAME)";
				SDKROOT = iphoneos;
				SWIFT_VERSION = 6.0;
				TEST_HOST = "$(BUILT_PRODUCTS_DIR)/TaggoMain.app/TaggoMain";
				VALIDATE_PRODUCT = YES;
			};
			name = Release;
		};
		C4C9398D2FF6BC0500E3C09C /* Debug */ = {
			isa = XCBuildConfiguration;
			baseConfigurationReference = 94D48D9B14977296944728CF /* Signing.xcconfig */;
			buildSettings = {
				ALWAYS_SEARCH_USER_PATHS = NO;
				ASSETCATALOG_COMPILER_GENERATE_SWIFT_ASSET_SYMBOL_EXTENSIONS = YES;
				CLANG_ANALYZER_NONNULL = YES;
				CLANG_ANALYZER_NUMBER_OBJECT_CONVERSION = YES_AGGRESSIVE;
				CLANG_CXX_LANGUAGE_STANDARD = "gnu++20";
				CLANG_ENABLE_MODULES = YES;
				CLANG_ENABLE_OBJC_ARC = YES;
				CLANG_ENABLE_OBJC_WEAK = YES;
				CLANG_WARN_BLOCK_CAPTURE_AUTORELEASING = YES;
				CLANG_WARN_BOOL_CONVERSION = YES;
				CLANG_WARN_COMMA = YES;
				CLANG_WARN_CONSTANT_CONVERSION = YES;
				CLANG_WARN_DEPRECATED_OBJC_IMPLEMENTATIONS = YES;
				CLANG_WARN_DIRECT_OBJC_ISA_USAGE = YES_ERROR;
				CLANG_WARN_DOCUMENTATION_COMMENTS = YES;
				CLANG_WARN_EMPTY_BODY = YES;
				CLANG_WARN_ENUM_CONVERSION = YES;
				CLANG_WARN_INFINITE_RECURSION = YES;
				CLANG_WARN_INT_CONVERSION = YES;
				CLANG_WARN_NON_LITERAL_NULL_CONVERSION = YES;
				CLANG_WARN_OBJC_IMPLICIT_RETAIN_SELF = YES;
				CLANG_WARN_OBJC_LITERAL_CONVERSION = YES;
				CLANG_WARN_OBJC_ROOT_CLASS = YES_ERROR;
				CLANG_WARN_QUOTED_INCLUDE_IN_FRAMEWORK_HEADER = YES;
				CLANG_WARN_RANGE_LOOP_ANALYSIS = YES;
				CLANG_WARN_STRICT_PROTOTYPES = YES;
				CLANG_WARN_SUSPICIOUS_MOVE = YES;
				CLANG_WARN_UNGUARDED_AVAILABILITY = YES_AGGRESSIVE;
				CLANG_WARN_UNREACHABLE_CODE = YES;
				CLANG_WARN__DUPLICATE_METHOD_MATCH = YES;
				COPY_PHASE_STRIP = NO;
				DEBUG_INFORMATION_FORMAT = dwarf;
				DEVELOPMENT_TEAM = KH324MQR6L;
				ENABLE_STRICT_OBJC_MSGSEND = YES;
				ENABLE_TESTABILITY = YES;
				ENABLE_USER_SCRIPT_SANDBOXING = YES;
				GCC_C_LANGUAGE_STANDARD = gnu17;
				GCC_DYNAMIC_NO_PIC = NO;
				GCC_NO_COMMON_BLOCKS = YES;
				GCC_OPTIMIZATION_LEVEL = 0;
				GCC_PREPROCESSOR_DEFINITIONS = (
					"DEBUG=1",
					"$(inherited)",
				);
				GCC_WARN_64_TO_32_BIT_CONVERSION = YES;
				GCC_WARN_ABOUT_RETURN_TYPE = YES_ERROR;
				GCC_WARN_UNDECLARED_SELECTOR = YES;
				GCC_WARN_UNINITIALIZED_AUTOS = YES_AGGRESSIVE;
				GCC_WARN_UNUSED_FUNCTION = YES;
				GCC_WARN_UNUSED_VARIABLE = YES;
				IPHONEOS_DEPLOYMENT_TARGET = 17.0;
				LOCALIZATION_PREFERS_STRING_CATALOGS = YES;
				MTL_ENABLE_DEBUG_INFO = INCLUDE_SOURCE;
				MTL_FAST_MATH = YES;
				ONLY_ACTIVE_ARCH = YES;
				SDKROOT = iphoneos;
				STRING_CATALOG_GENERATE_SYMBOLS = YES;
				SWIFT_ACTIVE_COMPILATION_CONDITIONS = "DEBUG $(inherited)";
				SWIFT_OPTIMIZATION_LEVEL = "-Onone";
			};
			name = Debug;
		};
		C4C9398E2FF6BC0500E3C09C /* Release */ = {
			isa = XCBuildConfiguration;
			baseConfigurationReference = 94D48D9B14977296944728CF /* Signing.xcconfig */;
			buildSettings = {
				ALWAYS_SEARCH_USER_PATHS = NO;
				ASSETCATALOG_COMPILER_GENERATE_SWIFT_ASSET_SYMBOL_EXTENSIONS = YES;
				CLANG_ANALYZER_NONNULL = YES;
				CLANG_ANALYZER_NUMBER_OBJECT_CONVERSION = YES_AGGRESSIVE;
				CLANG_CXX_LANGUAGE_STANDARD = "gnu++20";
				CLANG_ENABLE_MODULES = YES;
				CLANG_ENABLE_OBJC_ARC = YES;
				CLANG_ENABLE_OBJC_WEAK = YES;
				CLANG_WARN_BLOCK_CAPTURE_AUTORELEASING = YES;
				CLANG_WARN_BOOL_CONVERSION = YES;
				CLANG_WARN_COMMA = YES;
				CLANG_WARN_CONSTANT_CONVERSION = YES;
				CLANG_WARN_DEPRECATED_OBJC_IMPLEMENTATIONS = YES;
				CLANG_WARN_DIRECT_OBJC_ISA_USAGE = YES_ERROR;
				CLANG_WARN_DOCUMENTATION_COMMENTS = YES;
				CLANG_WARN_EMPTY_BODY = YES;
				CLANG_WARN_ENUM_CONVERSION = YES;
				CLANG_WARN_INFINITE_RECURSION = YES;
				CLANG_WARN_INT_CONVERSION = YES;
				CLANG_WARN_NON_LITERAL_NULL_CONVERSION = YES;
				CLANG_WARN_OBJC_IMPLICIT_RETAIN_SELF = YES;
				CLANG_WARN_OBJC_LITERAL_CONVERSION = YES;
				CLANG_WARN_OBJC_ROOT_CLASS = YES_ERROR;
				CLANG_WARN_QUOTED_INCLUDE_IN_FRAMEWORK_HEADER = YES;
				CLANG_WARN_RANGE_LOOP_ANALYSIS = YES;
				CLANG_WARN_STRICT_PROTOTYPES = YES;
				CLANG_WARN_SUSPICIOUS_MOVE = YES;
				CLANG_WARN_UNGUARDED_AVAILABILITY = YES_AGGRESSIVE;
				CLANG_WARN_UNREACHABLE_CODE = YES;
				CLANG_WARN__DUPLICATE_METHOD_MATCH = YES;
				COPY_PHASE_STRIP = NO;
				DEBUG_INFORMATION_FORMAT = "dwarf-with-dsym";
				DEVELOPMENT_TEAM = KH324MQR6L;
				ENABLE_NS_ASSERTIONS = NO;
				ENABLE_STRICT_OBJC_MSGSEND = YES;
				ENABLE_USER_SCRIPT_SANDBOXING = YES;
				GCC_C_LANGUAGE_STANDARD = gnu17;
				GCC_NO_COMMON_BLOCKS = YES;
				GCC_WARN_64_TO_32_BIT_CONVERSION = YES;
				GCC_WARN_ABOUT_RETURN_TYPE = YES_ERROR;
				GCC_WARN_UNDECLARED_SELECTOR = YES;
				GCC_WARN_UNINITIALIZED_AUTOS = YES_AGGRESSIVE;
				GCC_WARN_UNUSED_FUNCTION = YES;
				GCC_WARN_UNUSED_VARIABLE = YES;
				IPHONEOS_DEPLOYMENT_TARGET = 17.0;
				LOCALIZATION_PREFERS_STRING_CATALOGS = YES;
				MTL_ENABLE_DEBUG_INFO = NO;
				MTL_FAST_MATH = YES;
				SDKROOT = iphoneos;
				STRING_CATALOG_GENERATE_SYMBOLS = YES;
				SWIFT_COMPILATION_MODE = wholemodule;
				VALIDATE_PRODUCT = YES;
			};
			name = Release;
		};
		C4C939902FF6BC0500E3C09C /* Debug */ = {
			isa = XCBuildConfiguration;
			buildSettings = {
				ASSETCATALOG_COMPILER_APPICON_NAME = AppIcon;
				ASSETCATALOG_COMPILER_GLOBAL_ACCENT_COLOR_NAME = AccentColor;
				CODE_SIGN_ENTITLEMENTS = TaggoMain/TaggoMain.entitlements;
				CODE_SIGN_STYLE = Automatic;
				CURRENT_PROJECT_VERSION = 1;
				ENABLE_PREVIEWS = YES;
				GENERATE_INFOPLIST_FILE = YES;
				INFOPLIST_KEY_NSCameraUsageDescription = "\"Taggo uses your camera to scan item QR codes.\"";
				INFOPLIST_KEY_UIApplicationSceneManifest_Generation = YES;
				INFOPLIST_KEY_UIApplicationSupportsIndirectInputEvents = YES;
				INFOPLIST_KEY_UILaunchScreen_Generation = YES;
				INFOPLIST_KEY_UISupportedInterfaceOrientations_iPad = "UIInterfaceOrientationPortrait UIInterfaceOrientationPortraitUpsideDown UIInterfaceOrientationLandscapeLeft UIInterfaceOrientationLandscapeRight";
				INFOPLIST_KEY_UISupportedInterfaceOrientations_iPhone = "UIInterfaceOrientationPortrait UIInterfaceOrientationLandscapeLeft UIInterfaceOrientationLandscapeRight";
				IPHONEOS_DEPLOYMENT_TARGET = 17.0;
				LD_RUNPATH_SEARCH_PATHS = (
					"$(inherited)",
					"@executable_path/Frameworks",
				);
				MARKETING_VERSION = 1.0;
				PRODUCT_BUNDLE_IDENTIFIER = "$(TAGGO_BUNDLE_ID_BASE)";
				PRODUCT_NAME = "$(TARGET_NAME)";
				STRING_CATALOG_GENERATE_SYMBOLS = YES;
				SWIFT_APPROACHABLE_CONCURRENCY = YES;
				SWIFT_DEFAULT_ACTOR_ISOLATION = MainActor;
				SWIFT_EMIT_LOC_STRINGS = YES;
				SWIFT_UPCOMING_FEATURE_MEMBER_IMPORT_VISIBILITY = YES;
				SWIFT_VERSION = 6.0;
				TARGETED_DEVICE_FAMILY = "1,2";
			};
			name = Debug;
		};
		C4C939912FF6BC0500E3C09C /* Release */ = {
			isa = XCBuildConfiguration;
			buildSettings = {
				ASSETCATALOG_COMPILER_APPICON_NAME = AppIcon;
				ASSETCATALOG_COMPILER_GLOBAL_ACCENT_COLOR_NAME = AccentColor;
				CODE_SIGN_ENTITLEMENTS = TaggoMain/TaggoMain.entitlements;
				CODE_SIGN_STYLE = Automatic;
				CURRENT_PROJECT_VERSION = 1;
				ENABLE_PREVIEWS = YES;
				GENERATE_INFOPLIST_FILE = YES;
				INFOPLIST_KEY_NSCameraUsageDescription = "\"Taggo uses your camera to scan item QR codes.\"";
				INFOPLIST_KEY_UIApplicationSceneManifest_Generation = YES;
				INFOPLIST_KEY_UIApplicationSupportsIndirectInputEvents = YES;
				INFOPLIST_KEY_UILaunchScreen_Generation = YES;
				INFOPLIST_KEY_UISupportedInterfaceOrientations_iPad = "UIInterfaceOrientationPortrait UIInterfaceOrientationPortraitUpsideDown UIInterfaceOrientationLandscapeLeft UIInterfaceOrientationLandscapeRight";
				INFOPLIST_KEY_UISupportedInterfaceOrientations_iPhone = "UIInterfaceOrientationPortrait UIInterfaceOrientationLandscapeLeft UIInterfaceOrientationLandscapeRight";
				IPHONEOS_DEPLOYMENT_TARGET = 17.0;
				LD_RUNPATH_SEARCH_PATHS = (
					"$(inherited)",
					"@executable_path/Frameworks",
				);
				MARKETING_VERSION = 1.0;
				PRODUCT_BUNDLE_IDENTIFIER = "$(TAGGO_BUNDLE_ID_BASE)";
				PRODUCT_NAME = "$(TARGET_NAME)";
				STRING_CATALOG_GENERATE_SYMBOLS = YES;
				SWIFT_APPROACHABLE_CONCURRENCY = YES;
				SWIFT_DEFAULT_ACTOR_ISOLATION = MainActor;
				SWIFT_EMIT_LOC_STRINGS = YES;
				SWIFT_UPCOMING_FEATURE_MEMBER_IMPORT_VISIBILITY = YES;
				SWIFT_VERSION = 6.0;
				TARGETED_DEVICE_FAMILY = "1,2";
			};
			name = Release;
		};
		E26D4FC5D1DF6193772A60C2 /* Release */ = {
			isa = XCBuildConfiguration;
			buildSettings = {
				ASSETCATALOG_COMPILER_APPICON_NAME = AppIcon;
				ASSETCATALOG_COMPILER_GLOBAL_ACCENT_COLOR_NAME = AccentColor;
				CLANG_ENABLE_OBJC_WEAK = NO;
				CODE_SIGN_ENTITLEMENTS = TaggoClip/TaggoClip.entitlements;
				CODE_SIGN_IDENTITY = "Apple Development";
				CODE_SIGN_STYLE = Automatic;
				CURRENT_PROJECT_VERSION = 1;
				DEVELOPMENT_TEAM = KH324MQR6L;
				GENERATE_INFOPLIST_FILE = NO;
				INFOPLIST_FILE = TaggoClip/Info.plist;
				IPHONEOS_DEPLOYMENT_TARGET = 17.0;
				LD_RUNPATH_SEARCH_PATHS = (
					"$(inherited)",
					"@executable_path/Frameworks",
				);
				MARKETING_VERSION = 1.0;
				PRODUCT_BUNDLE_IDENTIFIER = "$(TAGGO_BUNDLE_ID_BASE).Clip";
				PRODUCT_NAME = "$(TARGET_NAME)";
				PROVISIONING_PROFILE_SPECIFIER = "";
				SDKROOT = iphoneos;
				SWIFT_EMIT_LOC_STRINGS = YES;
				SWIFT_VERSION = 6.0;
				TARGETED_DEVICE_FAMILY = "1,2";
				VALIDATE_PRODUCT = YES;
			};
			name = Release;
		};
/* End XCBuildConfiguration section */

/* Begin XCConfigurationList section */
		4FF32798573AE2A0A79F9EE8 /* Build configuration list for PBXNativeTarget "TaggoClip" */ = {
			isa = XCConfigurationList;
			buildConfigurations = (
				E26D4FC5D1DF6193772A60C2 /* Release */,
				27F4836FBE8643432A324EFB /* Debug */,
			);
			defaultConfigurationIsVisible = 0;
			defaultConfigurationName = Release;
		};
		51DBE25209D8938186A2684C /* Build configuration list for PBXNativeTarget "TaggoUITests" */ = {
			isa = XCConfigurationList;
			buildConfigurations = (
				766580467EAADF3F847E8D6B /* Release */,
				3D71554A0A10B6CE4853CE77 /* Debug */,
			);
			defaultConfigurationIsVisible = 0;
			defaultConfigurationName = Release;
		};
		C4C9397F2FF6BC0400E3C09C /* Build configuration list for PBXProject "urbanan" */ = {
			isa = XCConfigurationList;
			buildConfigurations = (
				C4C9398D2FF6BC0500E3C09C /* Debug */,
				C4C9398E2FF6BC0500E3C09C /* Release */,
			);
			defaultConfigurationIsVisible = 0;
			defaultConfigurationName = Release;
		};
		C4C9398F2FF6BC0500E3C09C /* Build configuration list for PBXNativeTarget "TaggoMain" */ = {
			isa = XCConfigurationList;
			buildConfigurations = (
				C4C939902FF6BC0500E3C09C /* Debug */,
				C4C939912FF6BC0500E3C09C /* Release */,
			);
			defaultConfigurationIsVisible = 0;
			defaultConfigurationName = Release;
		};
		D41486732B932515E39F9AAA /* Build configuration list for PBXNativeTarget "TaggoTests" */ = {
			isa = XCConfigurationList;
			buildConfigurations = (
				BD87AC468AD0280003F5193D /* Release */,
				46EC34101776F5FA51CDC929 /* Debug */,
			);
			defaultConfigurationIsVisible = 0;
			defaultConfigurationName = Release;
		};
/* End XCConfigurationList section */
	};
	rootObject = C4C9397C2FF6BC0400E3C09C /* Project object */;
}
